
Microsoft Visual Studio Solution File, Format Version 12.00
# Visual Studio Version 17
VisualStudioVersion = 17.12.35728.132
MinimumVisualStudioVersion = 10.0.40219.1
Project("{FAE04EC0-301F-11D3-BF4B-00C04F79EFBC}") = "Pics2gMaps", "Pics2gMaps\Pics2gMaps.csproj", "{82CBE3D2-7B3F-481B-9E17-FA0C9E1AB5DF}"
EndProject
Project("{FAE04EC0-301F-11D3-BF4B-00C04F79EFBC}") = "Pics2gMaps.Test", "Pics2gMaps.Test\Pics2gMaps.Test.csproj", "{7DE39C3D-150B-4947-A604-B7051D36CE0C}"
EndProject
Global
	GlobalSection(SolutionConfigurationPlatforms) = preSolution
		Debug|Any CPU = Debug|Any CPU
		Release|Any CPU = Release|Any CPU
	EndGlobalSection
	GlobalSection(ProjectConfigurationPlatforms) = postSolution
		{82CBE3D2-7B3F-481B-9E17-FA0C9E1AB5DF}.Debug|Any CPU.ActiveCfg = Debug|Any CPU
		{82CBE3D2-7B3F-481B-9E17-FA0C9E1AB5DF}.Debug|Any CPU.Build.0 = Debug|Any CPU
		{82CBE3D2-7B3F-481B-9E17-FA0C9E1AB5DF}.Release|Any CPU.ActiveCfg = Release|Any CPU
		{82CBE3D2-7B3F-481B-9E17-FA0C9E1AB5DF}.Release|Any CPU.Build.0 = Release|Any CPU
		{7DE39C3D-150B-4947-A604-B7051D36CE0C}.Debug|Any CPU.ActiveCfg = Debug|Any CPU
		{7DE39C3D-150B-4947-A604-B7051D36CE0C}.Debug|Any CPU.Build.0 = Debug|Any CPU
		{7DE39C3D-150B-4947-A604-B7051D36CE0C}.Release|Any CPU.ActiveCfg = Release|Any CPU
		{7DE39C3D-150B-4947-A604-B7051D36CE0C}.Release|Any CPU.Build.0 = Release|Any CPU
	EndGlobalSection
	GlobalSection(SolutionProperties) = preSolution
		HideSolutionNode = FALSE
	EndGlobalSection
EndGlobal
